// !$*UTF8*$!
{
	archiveVersion = 1;
	classes = {
	};
	objectVersion = 46;
	objects = {

/* Begin PBXBuildFile section */
		B0496D971C32BDE10011F9D3 /* main.m in Sources */ = {isa = PBXBuildFile; fileRef = B0496D961C32BDE10011F9D3 /* main.m */; };
		B0496D9A1C32BDE10011F9D3 /* AppDelegate.m in Sources */ = {isa = PBXBuildFile; fileRef = B0496D991C32BDE10011F9D3 /* AppDelegate.m */; };
		B0496D9D1C32BDE10011F9D3 /* ViewController.m in Sources */ = {isa = PBXBuildFile; fileRef = B0496D9C1C32BDE10011F9D3 /* ViewController.m */; };
		B0496DA01C32BDE10011F9D3 /* Main.storyboard in Resources */ = {isa = PBXBuildFile; fileRef = B0496D9E1C32BDE10011F9D3 /* Main.storyboard */; };
		B0496DA21C32BDE10011F9D3 /* Assets.xcassets in Resources */ = {isa = PBXBuildFile; fileRef = B0496DA11C32BDE10011F9D3 /* Assets.xcassets */; };
		B0496DA51C32BDE10011F9D3 /* LaunchScreen.storyboard in Resources */ = {isa = PBXBuildFile; fileRef = B0496DA31C32BDE10011F9D3 /* LaunchScreen.storyboard */; };
		B0496DAF1C32BE210011F9D3 /* TYDecorationSectionLayout.m in Sources */ = {isa = PBXBuildFile; fileRef = B0496DAE1C32BE210011F9D3 /* TYDecorationSectionLayout.m */; };
		B0496DBD1C32C4C70011F9D3 /* FirstDecorationSectionView.m in Sources */ = {isa = PBXBuildFile; fileRef = B0496DBB1C32C4C70011F9D3 /* FirstDecorationSectionView.m */; };
		B0496DBE1C32C4C70011F9D3 /* FirstDecorationSectionView.xib in Resources */ = {isa = PBXBuildFile; fileRef = B0496DBC1C32C4C70011F9D3 /* FirstDecorationSectionView.xib */; };
		B0496DC71C32C73F0011F9D3 /* SecondDecorationSectionView.xib in Resources */ = {isa = PBXBuildFile; fileRef = B0496DC51C32C73F0011F9D3 /* SecondDecorationSectionView.xib */; };
/* End PBXBuildFile section */

/* Begin PBXFileReference section */
		B0496D921C32BDE10011F9D3 /* TYDecorationSectionLayoutDemo.app */ = {isa = PBXFileReference; explicitFileType = wrapper.application; includeInIndex = 0; path = TYDecorationSectionLayoutDemo.app; sourceTree = BUILT_PRODUCTS_DIR; };
		B0496D961C32BDE10011F9D3 /* main.m */ = {isa = PBXFileReference; lastKnownFileType = sourcecode.c.objc; path = main.m; sourceTree = "<group>"; };
		B0496D981C32BDE10011F9D3 /* AppDelegate.h */ = {isa = PBXFileReference; lastKnownFileType = sourcecode.c.h; path = AppDelegate.h; sourceTree = "<group>"; };
		B0496D991C32BDE10011F9D3 /* AppDelegate.m */ = {isa = PBXFileReference; lastKnownFileType = sourcecode.c.objc; path = AppDelegate.m; sourceTree = "<group>"; };
		B0496D9B1C32BDE10011F9D3 /* ViewController.h */ = {isa = PBXFileReference; lastKnownFileType = sourcecode.c.h; path = ViewController.h; sourceTree = "<group>"; };
		B0496D9C1C32BDE10011F9D3 /* ViewController.m */ = {isa = PBXFileReference; lastKnownFileType = sourcecode.c.objc; path = ViewController.m; sourceTree = "<group>"; };
		B0496D9F1C32BDE10011F9D3 /* Base */ = {isa = PBXFileReference; lastKnownFileType = file.storyboard; name = Base; path = Base.lproj/Main.storyboard; sourceTree = "<group>"; };
		B0496DA11C32BDE10011F9D3 /* Assets.xcassets */ = {isa = PBXFileReference; lastKnownFileType = folder.assetcatalog; path = Assets.xcassets; sourceTree = "<group>"; };
		B0496DA41C32BDE10011F9D3 /* Base */ = {isa = PBXFileReference; lastKnownFileType = file.storyboard; name = Base; path = Base.lproj/LaunchScreen.storyboard; sourceTree = "<group>"; };
		B0496DA61C32BDE10011F9D3 /* Info.plist */ = {isa = PBXFileReference; lastKnownFileType = text.plist.xml; path = Info.plist; sourceTree = "<group>"; };
		B0496DAD1C32BE210011F9D3 /* TYDecorationSectionLayout.h */ = {isa = PBXFileReference; fileEncoding = 4; lastKnownFileType = sourcecode.c.h; path = TYDecorationSectionLayout.h; sourceTree = "<group>"; };
		B0496DAE1C32BE210011F9D3 /* TYDecorationSectionLayout.m */ = {isa = PBXFileReference; fileEncoding = 4; lastKnownFileType = sourcecode.c.objc; path = TYDecorationSectionLayout.m; sourceTree = "<group>"; };
		B0496DBA1C32C4C70011F9D3 /* FirstDecorationSectionView.h */ = {isa = PBXFileReference; fileEncoding = 4; lastKnownFileType = sourcecode.c.h; path = FirstDecorationSectionView.h; sourceTree = "<group>"; };
		B0496DBB1C32C4C70011F9D3 /* FirstDecorationSectionView.m */ = {isa = PBXFileReference; fileEncoding = 4; lastKnownFileType = sourcecode.c.objc; path = FirstDecorationSectionView.m; sourceTree = "<group>"; };
		B0496DBC1C32C4C70011F9D3 /* FirstDecorationSectionView.xib */ = {isa = PBXFileReference; fileEncoding = 4; lastKnownFileType = file.xib; path = FirstDecorationSectionView.xib; sourceTree = "<group>"; };
		B0496DC51C32C73F0011F9D3 /* SecondDecorationSectionView.xib */ = {isa = PBXFileReference; fileEncoding = 4; lastKnownFileType = file.xib; path = SecondDecorationSectionView.xib; sourceTree = "<group>"; };
/* End PBXFileReference section */

/* Begin PBXFrameworksBuildPhase section */
		B0496D8F1C32BDE10011F9D3 /* Frameworks */ = {
			isa = PBXFrameworksBuildPhase;
			buildActionMask = 2147483647;
			files = (
			);
			runOnlyForDeploymentPostprocessing = 0;
		};
/* End PBXFrameworksBuildPhase section */

/* Begin PBXGroup section */
		B0496D891C32BDE10011F9D3 = {
			isa = PBXGroup;
			children = (
				B0496D941C32BDE10011F9D3 /* TYDecorationSectionLayoutDemo */,
				B0496D931C32BDE10011F9D3 /* Products */,
			);
			sourceTree = "<group>";
		};
		B0496D931C32BDE10011F9D3 /* Products */ = {
			isa = PBXGroup;
			children = (
				B0496D921C32BDE10011F9D3 /* TYDecorationSectionLayoutDemo.app */,
			);
			name = Products;
			sourceTree = "<group>";
		};
		B0496D941C32BDE10011F9D3 /* TYDecorationSectionLayoutDemo */ = {
			isa = PBXGroup;
			children = (
				B0496DAC1C32BE210011F9D3 /* TYDecorationSectionLayout */,
				B0496D981C32BDE10011F9D3 /* AppDelegate.h */,
				B0496D991C32BDE10011F9D3 /* AppDelegate.m */,
				B0496D9B1C32BDE10011F9D3 /* ViewController.h */,
				B0496D9C1C32BDE10011F9D3 /* ViewController.m */,
				B0496DBA1C32C4C70011F9D3 /* FirstDecorationSectionView.h */,
				B0496DBB1C32C4C70011F9D3 /* FirstDecorationSectionView.m */,
				B0496DBC1C32C4C70011F9D3 /* FirstDecorationSectionView.xib */,
				B0496DC51C32C73F0011F9D3 /* SecondDecorationSectionView.xib */,
				B0496D9E1C32BDE10011F9D3 /* Main.storyboard */,
				B0496DA11C32BDE10011F9D3 /* Assets.xcassets */,
				B0496DA31C32BDE10011F9D3 /* LaunchScreen.storyboard */,
				B0496DA61C32BDE10011F9D3 /* Info.plist */,
				B0496D951C32BDE10011F9D3 /* Supporting Files */,
			);
			path = TYDecorationSectionLayoutDemo;
			sourceTree = "<group>";
		};
		B0496D951C32BDE10011F9D3 /* Supporting Files */ = {
			isa = PBXGroup;
			children = (
				B0496D961C32BDE10011F9D3 /* main.m */,
			);
			name = "Supporting Files";
			sourceTree = "<group>";
		};
		B0496DAC1C32BE210011F9D3 /* TYDecorationSectionLayout */ = {
			isa = PBXGroup;
			children = (
				B0496DAD1C32BE210011F9D3 /* TYDecorationSectionLayout.h */,
				B0496DAE1C32BE210011F9D3 /* TYDecorationSectionLayout.m */,
			);
			path = TYDecorationSectionLayout;
			sourceTree = "<group>";
		};
/* End PBXGroup section */

/* Begin PBXNativeTarget section */
		B0496D911C32BDE10011F9D3 /* TYDecorationSectionLayoutDemo */ = {
			isa = PBXNativeTarget;
			buildConfigurationList = B0496DA91C32BDE10011F9D3 /* Build configuration list for PBXNativeTarget "TYDecorationSectionLayoutDemo" */;
			buildPhases = (
				B0496D8E1C32BDE10011F9D3 /* Sources */,
				B0496D8F1C32BDE10011F9D3 /* Frameworks */,
				B0496D901C32BDE10011F9D3 /* Resources */,
			);
			buildRules = (
			);
			dependencies = (
			);
			name = TYDecorationSectionLayoutDemo;
			productName = TYDecorationSectionLayoutDemo;
			productReference = B0496D921C32BDE10011F9D3 /* TYDecorationSectionLayoutDemo.app */;
			productType = "com.apple.product-type.application";
		};
/* End PBXNativeTarget section */

/* Begin PBXProject section */
		B0496D8A1C32BDE10011F9D3 /* Project object */ = {
			isa = PBXProject;
			attributes = {
				LastUpgradeCheck = 0710;
				ORGANIZATIONNAME = tanyang;
				TargetAttributes = {
					B0496D911C32BDE10011F9D3 = {
						CreatedOnToolsVersion = 7.1.1;
						DevelopmentTeam = ZW52Q3KXX4;
					};
				};
			};
			buildConfigurationList = B0496D8D1C32BDE10011F9D3 /* Build configuration list for PBXProject "TYDecorationSectionLayoutDemo" */;
			compatibilityVersion = "Xcode 3.2";
			developmentRegion = English;
			hasScannedForEncodings = 0;
			knownRegions = (
				en,
				Base,
			);
			mainGroup = B0496D891C32BDE10011F9D3;
			productRefGroup = B0496D931C32BDE10011F9D3 /* Products */;
			projectDirPath = "";
			projectRoot = "";
			targets = (
				B0496D911C32BDE10011F9D3 /* TYDecorationSectionLayoutDemo */,
			);
		};
/* End PBXProject section */

/* Begin PBXResourcesBuildPhase section */
		B0496D901C32BDE10011F9D3 /* Resources */ = {
			isa = PBXResourcesBuildPhase;
			buildActionMask = 2147483647;
			files = (
				B0496DA51C32BDE10011F9D3 /* LaunchScreen.storyboard in Resources */,
				B0496DC71C32C73F0011F9D3 /* SecondDecorationSectionView.xib in Resources */,
				B0496DA21C32BDE10011F9D3 /* Assets.xcassets in Resources */,
				B0496DBE1C32C4C70011F9D3 /* FirstDecorationSectionView.xib in Resources */,
				B0496DA01C32BDE10011F9D3 /* Main.storyboard in Resources */,
			);
			runOnlyForDeploymentPostprocessing = 0;
		};
/* End PBXResourcesBuildPhase section */

/* Begin PBXSourcesBuildPhase section */
		B0496D8E1C32BDE10011F9D3 /* Sources */ = {
			isa = PBXSourcesBuildPhase;
			buildActionMask = 2147483647;
			files = (
				B0496D9D1C32BDE10011F9D3 /* ViewController.m in Sources */,
				B0496DBD1C32C4C70011F9D3 /* FirstDecorationSectionView.m in Sources */,
				B0496D9A1C32BDE10011F9D3 /* AppDelegate.m in Sources */,
				B0496DAF1C32BE210011F9D3 /* TYDecorationSectionLayout.m in Sources */,
				B0496D971C32BDE10011F9D3 /* main.m in Sources */,
			);
			runOnlyForDeploymentPostprocessing = 0;
		};
/* End PBXSourcesBuildPhase section */

/* Begin PBXVariantGroup section */
		B0496D9E1C32BDE10011F9D3 /* Main.storyboard */ = {
			isa = PBXVariantGroup;
			children = (
				B0496D9F1C32BDE10011F9D3 /* Base */,
			);
			name = Main.storyboard;
			sourceTree = "<group>";
		};
		B0496DA31C32BDE10011F9D3 /* LaunchScreen.storyboard */ = {
			isa = PBXVariantGroup;
			children = (
				B0496DA41C32BDE10011F9D3 /* Base */,
			);
			name = LaunchScreen.storyboard;
			sourceTree = "<group>";
		};
/* End PBXVariantGroup section */

/* Begin XCBuildConfiguration section */
		B0496DA71C32BDE10011F9D3 /* Debug */ = {
			isa = XCBuildConfiguration;
			buildSettings = {
				ALWAYS_SEARCH_USER_PATHS = NO;
				CLANG_CXX_LANGUAGE_STANDARD = "gnu++0x";
				CLANG_CXX_LIBRARY = "libc++";
				CLANG_ENABLE_MODULES = YES;
				CLANG_ENABLE_OBJC_ARC = YES;
				CLANG_WARN_BOOL_CONVERSION = YES;
				CLANG_WARN_CONSTANT_CONVERSION = YES;
				CLANG_WARN_DIRECT_OBJC_ISA_USAGE = YES_ERROR;
				CLANG_WARN_EMPTY_BODY = YES;
				CLANG_WARN_ENUM_CONVERSION = YES;
				CLANG_WARN_INT_CONVERSION = YES;
				CLANG_WARN_OBJC_ROOT_CLASS = YES_ERROR;
				CLANG_WARN_UNREACHABLE_CODE = YES;
				CLANG_WARN__DUPLICATE_METHOD_MATCH = YES;
				"CODE_SIGN_IDENTITY[sdk=iphoneos*]" = "iPhone Developer";
				COPY_PHASE_STRIP = NO;
				DEBUG_INFORMATION_FORMAT = dwarf;
				ENABLE_STRICT_OBJC_MSGSEND = YES;
				ENABLE_TESTABILITY = YES;
				GCC_C_LANGUAGE_STANDARD = gnu99;
				GCC_DYNAMIC_NO_PIC = NO;
				GCC_NO_COMMON_BLOCKS = YES;
				GCC_OPTIMIZATION_LEVEL = 0;
				GCC_PREPROCESSOR_DEFINITIONS = (
					"DEBUG=1",
					"$(inherited)",
				);
				GCC_WARN_64_TO_32_BIT_CONVERSION = YES;
				GCC_WARN_ABOUT_RETURN_TYPE = YES_ERROR;
				GCC_WARN_UNDECLARED_SELECTOR = YES;
				GCC_WARN_UNINITIALIZED_AUTOS = YES_AGGRESSIVE;
				GCC_WARN_UNUSED_FUNCTION = YES;
				GCC_WARN_UNUSED_VARIABLE = YES;
				IPHONEOS_DEPLOYMENT_TARGET = 9.1;
				MTL_ENABLE_DEBUG_INFO = YES;
				ONLY_ACTIVE_ARCH = YES;
				SDKROOT = iphoneos;
				TARGETED_DEVICE_FAMILY = "1,2";
			};
			name = Debug;
		};
		B0496DA81C32BDE10011F9D3 /* Release */ = {
			isa = XCBuildConfiguration;
			buildSettings = {
				ALWAYS_SEARCH_USER_PATHS = NO;
				CLANG_CXX_LANGUAGE_STANDARD = "gnu++0x";
				CLANG_CXX_LIBRARY = "libc++";
				CLANG_ENABLE_MODULES = YES;
				CLANG_ENABLE_OBJC_ARC = YES;
				CLANG_WARN_BOOL_CONVERSION = YES;
				CLANG_WARN_CONSTANT_CONVERSION = YES;
				CLANG_WARN_DIRECT_OBJC_ISA_USAGE = YES_ERROR;
				CLANG_WARN_EMPTY_BODY = YES;
				CLANG_WARN_ENUM_CONVERSION = YES;
				CLANG_WARN_INT_CONVERSION = YES;
				CLANG_WARN_OBJC_ROOT_CLASS = YES_ERROR;
				CLANG_WARN_UNREACHABLE_CODE = YES;
				CLANG_WARN__DUPLICATE_METHOD_MATCH = YES;
				"CODE_SIGN_IDENTITY[sdk=iphoneos*]" = "iPhone Developer";
				COPY_PHASE_STRIP = NO;
				DEBUG_INFORMATION_FORMAT = "dwarf-with-dsym";
				ENABLE_NS_ASSERTIONS = NO;
				ENABLE_STRICT_OBJC_MSGSEND = YES;
				GCC_C_LANGUAGE_STANDARD = gnu99;
				GCC_NO_COMMON_BLOCKS = YES;
				GCC_WARN_64_TO_32_BIT_CONVERSION = YES;
				GCC_WARN_ABOUT_RETURN_TYPE = YES_ERROR;
				GCC_WARN_UNDECLARED_SELECTOR = YES;
				GCC_WARN_UNINITIALIZED_AUTOS = YES_AGGRESSIVE;
				GCC_WARN_UNUSED_FUNCTION = YES;
				GCC_WARN_UNUSED_VARIABLE = YES;
				IPHONEOS_DEPLOYMENT_TARGET = 9.1;
				MTL_ENABLE_DEBUG_INFO = NO;
				SDKROOT = iphoneos;
				TARGETED_DEVICE_FAMILY = "1,2";
				VALIDATE_PRODUCT = YES;
			};
			name = Release;
		};
		B0496DAA1C32BDE10011F9D3 /* Debug */ = {
			isa = XCBuildConfiguration;
			buildSettings = {
				ASSETCATALOG_COMPILER_APPICON_NAME = AppIcon;
				INFOPLIST_FILE = TYDecorationSectionLayoutDemo/Info.plist;
				LD_RUNPATH_SEARCH_PATHS = "$(inherited) @executable_path/Frameworks";
				PRODUCT_BUNDLE_IDENTIFIER = com.tanyang.TYDecorationSectionLayoutDemo;
				PRODUCT_NAME = "$(TARGET_NAME)";
			};
			name = Debug;
		};
		B0496DAB1C32BDE10011F9D3 /* Release */ = {
			isa = XCBuildConfiguration;
			buildSettings = {
				ASSETCATALOG_COMPILER_APPICON_NAME = AppIcon;
				INFOPLIST_FILE = TYDecorationSectionLayoutDemo/Info.plist;
				LD_RUNPATH_SEARCH_PATHS = "$(inherited) @executable_path/Frameworks";
				PRODUCT_BUNDLE_IDENTIFIER = com.tanyang.TYDecorationSectionLayoutDemo;
				PRODUCT_NAME = "$(TARGET_NAME)";
			};
			name = Release;
		};
/* End XCBuildConfiguration section */

/* Begin XCConfigurationList section */
		B0496D8D1C32BDE10011F9D3 /* Build configuration list for PBXProject "TYDecorationSectionLayoutDemo" */ = {
			isa = XCConfigurationList;
			buildConfigurations = (
				B0496DA71C32BDE10011F9D3 /* Debug */,
				B0496DA81C32BDE10011F9D3 /* Release */,
			);
			defaultConfigurationIsVisible = 0;
			defaultConfigurationName = Release;
		};
		B0496DA91C32BDE10011F9D3 /* Build configuration list for PBXNativeTarget "TYDecorationSectionLayoutDemo" */ = {
			isa = XCConfigurationList;
			buildConfigurations = (
				B0496DAA1C32BDE10011F9D3 /* Debug */,
				B0496DAB1C32BDE10011F9D3 /* Release */,
			);
			defaultConfigurationIsVisible = 0;
		};
/* End XCConfigurationList section */
	};
	rootObject = B0496D8A1C32BDE10011F9D3 /* Project object */;
}
